
Microsoft Visual Studio Solution File, Format Version 12.00
# Visual Studio Version 17
VisualStudioVersion = 17.0.31903.59
MinimumVisualStudioVersion = 10.0.40219.1
Project("{2150E333-8FDC-42A3-9474-1A3956D46DE8}") = "src", "src", "{B16D0F71-B9B3-4A94-BADD-508F7E2911CF}"
EndProject
Project("{FAE04EC0-301F-11D3-BF4B-00C04F79EFBC}") = "Rained", "src\Rained\Rained.csproj", "{2F2033B7-DDE5-4536-BDC2-4EB1BE4FE60A}"
EndProject
Project("{FAE04EC0-301F-11D3-BF4B-00C04F79EFBC}") = "Rained.Tests", "src\Rained.Tests\Rained.Tests.csproj", "{6F957EBA-9525-4019-BEE7-AEC626F59DD9}"
EndProject
Project("{FAE04EC0-301F-11D3-BF4B-00C04F79EFBC}") = "Rained.Glib", "src\Rained.Glib\Rained.Glib.csproj", "{65B8CEAF-639D-49CA-B0EF-3C4A17864C51}"
EndProject
Project("{FAE04EC0-301F-11D3-BF4B-00C04F79EFBC}") = "Rained.Glib.Tests", "src\Rained.Glib.Tests\Rained.Glib.Tests.csproj", "{0C8A4878-506E-4610-8D58-7053AE745285}"
EndProject
Global
	GlobalSection(SolutionConfigurationPlatforms) = preSolution
		Debug|Any CPU = Debug|Any CPU
		Release|Any CPU = Release|Any CPU
	EndGlobalSection
	GlobalSection(SolutionProperties) = preSolution
		HideSolutionNode = FALSE
	EndGlobalSection
	GlobalSection(ProjectConfigurationPlatforms) = postSolution
		{2F2033B7-DDE5-4536-BDC2-4EB1BE4FE60A}.Debug|Any CPU.ActiveCfg = Debug|Any CPU
		{2F2033B7-DDE5-4536-BDC2-4EB1BE4FE60A}.Debug|Any CPU.Build.0 = Debug|Any CPU
		{2F2033B7-DDE5-4536-BDC2-4EB1BE4FE60A}.Release|Any CPU.ActiveCfg = Release|Any CPU
		{2F2033B7-DDE5-4536-BDC2-4EB1BE4FE60A}.Release|Any CPU.Build.0 = Release|Any CPU
		{6F957EBA-9525-4019-BEE7-AEC626F59DD9}.Debug|Any CPU.ActiveCfg = Debug|Any CPU
		{6F957EBA-9525-4019-BEE7-AEC626F59DD9}.Debug|Any CPU.Build.0 = Debug|Any CPU
		{6F957EBA-9525-4019-BEE7-AEC626F59DD9}.Release|Any CPU.ActiveCfg = Release|Any CPU
		{6F957EBA-9525-4019-BEE7-AEC626F59DD9}.Release|Any CPU.Build.0 = Release|Any CPU
		{65B8CEAF-639D-49CA-B0EF-3C4A17864C51}.Debug|Any CPU.ActiveCfg = Debug|Any CPU
		{65B8CEAF-639D-49CA-B0EF-3C4A17864C51}.Debug|Any CPU.Build.0 = Debug|Any CPU
		{65B8CEAF-639D-49CA-B0EF-3C4A17864C51}.Release|Any CPU.ActiveCfg = Release|Any CPU
		{65B8CEAF-639D-49CA-B0EF-3C4A17864C51}.Release|Any CPU.Build.0 = Release|Any CPU
		{0C8A4878-506E-4610-8D58-7053AE745285}.Debug|Any CPU.ActiveCfg = Debug|Any CPU
		{0C8A4878-506E-4610-8D58-7053AE745285}.Debug|Any CPU.Build.0 = Debug|Any CPU
		{0C8A4878-506E-4610-8D58-7053AE745285}.Release|Any CPU.ActiveCfg = Release|Any CPU
		{0C8A4878-506E-4610-8D58-7053AE745285}.Release|Any CPU.Build.0 = Release|Any CPU
	EndGlobalSection
	GlobalSection(NestedProjects) = preSolution
		{2F2033B7-DDE5-4536-BDC2-4EB1BE4FE60A} = {B16D0F71-B9B3-4A94-BADD-508F7E2911CF}
		{6F957EBA-9525-4019-BEE7-AEC626F59DD9} = {B16D0F71-B9B3-4A94-BADD-508F7E2911CF}
		{65B8CEAF-639D-49CA-B0EF-3C4A17864C51} = {B16D0F71-B9B3-4A94-BADD-508F7E2911CF}
		{0C8A4878-506E-4610-8D58-7053AE745285} = {B16D0F71-B9B3-4A94-BADD-508F7E2911CF}
	EndGlobalSection
EndGlobal
