
Microsoft Visual Studio Solution File, Format Version 12.00
# Visual Studio Version 17
VisualStudioVersion = 17.0.31903.59
MinimumVisualStudioVersion = 10.0.40219.1
Project("{2150E333-8FDC-42A3-9474-1A3956D46DE8}") = "src", "src", "{B16D0F71-B9B3-4A94-BADD-508F7E2911CF}"
EndProject
Project("{FAE04EC0-301F-11D3-BF4B-00C04F79EFBC}") = "Rained", "src\Rained\Rained.csproj", "{2F2033B7-DDE5-4536-BDC2-4EB1BE4FE60A}"
EndProject
Project("{FAE04EC0-301F-11D3-BF4B-00C04F79EFBC}") = "Rained.Tests", "src\Rained.Tests\Rained.Tests.csproj", "{6F957EBA-9525-4019-BEE7-AEC626F59DD9}"
EndProject
Project("{FAE04EC0-301F-11D3-BF4B-00C04F79EFBC}") = "Glib", "src\Glib\Glib.csproj", "{60BB2A63-E991-4715-8F55-EBF638EF678B}"
EndProject
Project("{FAE04EC0-301F-11D3-BF4B-00C04F79EFBC}") = "Glib.Tests", "src\Glib.Tests\Glib.Tests.csproj", "{AE82C61E-5D0C-4CAB-95F0-62BC6558ABC6}"
EndProject
Project("{FAE04EC0-301F-11D3-BF4B-00C04F79EFBC}") = "Glib.ImGui", "src\Glib.ImGui\Glib.ImGui.csproj", "{CC5B0440-BB2C-480A-A496-861B1E8142AD}"
EndProject
Project("{2150E333-8FDC-42A3-9474-1A3956D46DE8}") = "submodules", "submodules", "{AC1B0F9F-FFB1-4F8A-BC0F-1B89F394F468}"
EndProject
Project("{FAE04EC0-301F-11D3-BF4B-00C04F79EFBC}") = "ImGui.NET", "src\ImGui.NET\src\ImGui.NET\ImGui.NET.csproj", "{4B59DDB0-DD88-4893-9A7B-566462FCCAF7}"
EndProject
Project("{FAE04EC0-301F-11D3-BF4B-00C04F79EFBC}") = "Drizzle.Lingo.Runtime", "src\Drizzle\Drizzle.Lingo.Runtime\Drizzle.Lingo.Runtime.csproj", "{73113FD7-4843-4592-884A-CC659CB38428}"
EndProject
Project("{FAE04EC0-301F-11D3-BF4B-00C04F79EFBC}") = "Drizzle.Logic", "src\Drizzle\Drizzle.Logic\Drizzle.Logic.csproj", "{1BAA53FC-5683-40D2-94AE-F478780D304D}"
EndProject
Project("{FAE04EC0-301F-11D3-BF4B-00C04F79EFBC}") = "Drizzle.Ported", "src\Drizzle\Drizzle.Ported\Drizzle.Ported.csproj", "{97E71A11-64B0-455A-AF28-B67467C62321}"
EndProject
Project("{FAE04EC0-301F-11D3-BF4B-00C04F79EFBC}") = "Drizzle.Transpiler", "src\Drizzle\Drizzle.Transpiler\Drizzle.Transpiler.csproj", "{49A6DB5A-56CE-4139-99C9-DBFCED5CDD32}"
EndProject
Global
	GlobalSection(SolutionConfigurationPlatforms) = preSolution
		Debug|Any CPU = Debug|Any CPU
		Release|Any CPU = Release|Any CPU
	EndGlobalSection
	GlobalSection(SolutionProperties) = preSolution
		HideSolutionNode = FALSE
	EndGlobalSection
	GlobalSection(ProjectConfigurationPlatforms) = postSolution
		{2F2033B7-DDE5-4536-BDC2-4EB1BE4FE60A}.Debug|Any CPU.ActiveCfg = Debug|Any CPU
		{2F2033B7-DDE5-4536-BDC2-4EB1BE4FE60A}.Debug|Any CPU.Build.0 = Debug|Any CPU
		{2F2033B7-DDE5-4536-BDC2-4EB1BE4FE60A}.Release|Any CPU.ActiveCfg = Release|Any CPU
		{2F2033B7-DDE5-4536-BDC2-4EB1BE4FE60A}.Release|Any CPU.Build.0 = Release|Any CPU
		{6F957EBA-9525-4019-BEE7-AEC626F59DD9}.Debug|Any CPU.ActiveCfg = Debug|Any CPU
		{6F957EBA-9525-4019-BEE7-AEC626F59DD9}.Debug|Any CPU.Build.0 = Debug|Any CPU
		{6F957EBA-9525-4019-BEE7-AEC626F59DD9}.Release|Any CPU.ActiveCfg = Release|Any CPU
		{6F957EBA-9525-4019-BEE7-AEC626F59DD9}.Release|Any CPU.Build.0 = Release|Any CPU
		{60BB2A63-E991-4715-8F55-EBF638EF678B}.Debug|Any CPU.ActiveCfg = Debug|Any CPU
		{60BB2A63-E991-4715-8F55-EBF638EF678B}.Debug|Any CPU.Build.0 = Debug|Any CPU
		{60BB2A63-E991-4715-8F55-EBF638EF678B}.Release|Any CPU.ActiveCfg = Release|Any CPU
		{60BB2A63-E991-4715-8F55-EBF638EF678B}.Release|Any CPU.Build.0 = Release|Any CPU
		{AE82C61E-5D0C-4CAB-95F0-62BC6558ABC6}.Debug|Any CPU.ActiveCfg = Debug|Any CPU
		{AE82C61E-5D0C-4CAB-95F0-62BC6558ABC6}.Debug|Any CPU.Build.0 = Debug|Any CPU
		{AE82C61E-5D0C-4CAB-95F0-62BC6558ABC6}.Release|Any CPU.ActiveCfg = Release|Any CPU
		{AE82C61E-5D0C-4CAB-95F0-62BC6558ABC6}.Release|Any CPU.Build.0 = Release|Any CPU
		{CC5B0440-BB2C-480A-A496-861B1E8142AD}.Debug|Any CPU.ActiveCfg = Debug|Any CPU
		{CC5B0440-BB2C-480A-A496-861B1E8142AD}.Debug|Any CPU.Build.0 = Debug|Any CPU
		{CC5B0440-BB2C-480A-A496-861B1E8142AD}.Release|Any CPU.ActiveCfg = Release|Any CPU
		{CC5B0440-BB2C-480A-A496-861B1E8142AD}.Release|Any CPU.Build.0 = Release|Any CPU
		{4B59DDB0-DD88-4893-9A7B-566462FCCAF7}.Debug|Any CPU.ActiveCfg = Debug|Any CPU
		{4B59DDB0-DD88-4893-9A7B-566462FCCAF7}.Debug|Any CPU.Build.0 = Debug|Any CPU
		{4B59DDB0-DD88-4893-9A7B-566462FCCAF7}.Release|Any CPU.ActiveCfg = Release|Any CPU
		{4B59DDB0-DD88-4893-9A7B-566462FCCAF7}.Release|Any CPU.Build.0 = Release|Any CPU
		{73113FD7-4843-4592-884A-CC659CB38428}.Debug|Any CPU.ActiveCfg = Debug|Any CPU
		{73113FD7-4843-4592-884A-CC659CB38428}.Debug|Any CPU.Build.0 = Debug|Any CPU
		{73113FD7-4843-4592-884A-CC659CB38428}.Release|Any CPU.ActiveCfg = Release|Any CPU
		{73113FD7-4843-4592-884A-CC659CB38428}.Release|Any CPU.Build.0 = Release|Any CPU
		{1BAA53FC-5683-40D2-94AE-F478780D304D}.Debug|Any CPU.ActiveCfg = Debug|Any CPU
		{1BAA53FC-5683-40D2-94AE-F478780D304D}.Debug|Any CPU.Build.0 = Debug|Any CPU
		{1BAA53FC-5683-40D2-94AE-F478780D304D}.Release|Any CPU.ActiveCfg = Release|Any CPU
		{1BAA53FC-5683-40D2-94AE-F478780D304D}.Release|Any CPU.Build.0 = Release|Any CPU
		{97E71A11-64B0-455A-AF28-B67467C62321}.Debug|Any CPU.ActiveCfg = Debug|Any CPU
		{97E71A11-64B0-455A-AF28-B67467C62321}.Debug|Any CPU.Build.0 = Debug|Any CPU
		{97E71A11-64B0-455A-AF28-B67467C62321}.Release|Any CPU.ActiveCfg = Release|Any CPU
		{97E71A11-64B0-455A-AF28-B67467C62321}.Release|Any CPU.Build.0 = Release|Any CPU
		{49A6DB5A-56CE-4139-99C9-DBFCED5CDD32}.Debug|Any CPU.ActiveCfg = Debug|Any CPU
		{49A6DB5A-56CE-4139-99C9-DBFCED5CDD32}.Debug|Any CPU.Build.0 = Debug|Any CPU
		{49A6DB5A-56CE-4139-99C9-DBFCED5CDD32}.Release|Any CPU.ActiveCfg = Release|Any CPU
		{49A6DB5A-56CE-4139-99C9-DBFCED5CDD32}.Release|Any CPU.Build.0 = Release|Any CPU
	EndGlobalSection
	GlobalSection(NestedProjects) = preSolution
		{2F2033B7-DDE5-4536-BDC2-4EB1BE4FE60A} = {B16D0F71-B9B3-4A94-BADD-508F7E2911CF}
		{6F957EBA-9525-4019-BEE7-AEC626F59DD9} = {B16D0F71-B9B3-4A94-BADD-508F7E2911CF}
		{60BB2A63-E991-4715-8F55-EBF638EF678B} = {B16D0F71-B9B3-4A94-BADD-508F7E2911CF}
		{AE82C61E-5D0C-4CAB-95F0-62BC6558ABC6} = {B16D0F71-B9B3-4A94-BADD-508F7E2911CF}
		{CC5B0440-BB2C-480A-A496-861B1E8142AD} = {B16D0F71-B9B3-4A94-BADD-508F7E2911CF}
		{4B59DDB0-DD88-4893-9A7B-566462FCCAF7} = {AC1B0F9F-FFB1-4F8A-BC0F-1B89F394F468}
		{73113FD7-4843-4592-884A-CC659CB38428} = {AC1B0F9F-FFB1-4F8A-BC0F-1B89F394F468}
		{1BAA53FC-5683-40D2-94AE-F478780D304D} = {AC1B0F9F-FFB1-4F8A-BC0F-1B89F394F468}
		{97E71A11-64B0-455A-AF28-B67467C62321} = {AC1B0F9F-FFB1-4F8A-BC0F-1B89F394F468}
		{49A6DB5A-56CE-4139-99C9-DBFCED5CDD32} = {AC1B0F9F-FFB1-4F8A-BC0F-1B89F394F468}
	EndGlobalSection
EndGlobal
